{
  "name": "leaflet-preview",
  "version": "1.0.0",
  "lockfileVersion": 3,
  "requires": true,
  "packages": {
    "": {
      "name": "leaflet-preview",
      "version": "1.0.0",
      "hasInstallScript": true,
      "license": "MIT",
      "dependencies": {
        "octopus": "git+http://github.com/opendsu/octopus.git"
      }
    },
    "node_modules/octopus": {
      "version": "1.0.0",
      "resolved": "git+http://github.com/opendsu/octopus.git#cbf99c9959cdfe94faa700554cce107a59c39cf9",
      "license": "MIT"
    }
  }
}
